// !$*UTF8*$!
{
	archiveVersion = 1;
	classes = {
	};
	objectVersion = 50;
	objects = {

/* Begin PBXBuildFile section */
		6B22F4CC23322AC10007BEEE /* AppDelegate.swift in Sources */ = {isa = PBXBuildFile; fileRef = 6B22F4CB23322AC10007BEEE /* AppDelegate.swift */; };
		6B22F4CE23322AC10007BEEE /* ViewController.swift in Sources */ = {isa = PBXBuildFile; fileRef = 6B22F4CD23322AC10007BEEE /* ViewController.swift */; };
		6B22F4D123322AC10007BEEE /* Main.storyboard in Resources */ = {isa = PBXBuildFile; fileRef = 6B22F4CF23322AC10007BEEE /* Main.storyboard */; };
		6B22F4D423322AC10007BEEE /* DemoOne.xcdatamodeld in Sources */ = {isa = PBXBuildFile; fileRef = 6B22F4D223322AC10007BEEE /* DemoOne.xcdatamodeld */; };
		6B22F4D623322AC30007BEEE /* Assets.xcassets in Resources */ = {isa = PBXBuildFile; fileRef = 6B22F4D523322AC30007BEEE /* Assets.xcassets */; };
		6B22F4D923322AC30007BEEE /* LaunchScreen.storyboard in Resources */ = {isa = PBXBuildFile; fileRef = 6B22F4D723322AC30007BEEE /* LaunchScreen.storyboard */; };
		6B22F4E423322AC30007BEEE /* DemoOneTests.swift in Sources */ = {isa = PBXBuildFile; fileRef = 6B22F4E323322AC30007BEEE /* DemoOneTests.swift */; };
		6B22F4EF23322AC30007BEEE /* DemoOneUITests.swift in Sources */ = {isa = PBXBuildFile; fileRef = 6B22F4EE23322AC30007BEEE /* DemoOneUITests.swift */; };
/* End PBXBuildFile section */

/* Begin PBXContainerItemProxy section */
		6B22F4E023322AC30007BEEE /* PBXContainerItemProxy */ = {
			isa = PBXContainerItemProxy;
			containerPortal = 6B22F4C023322AC10007BEEE /* Project object */;
			proxyType = 1;
			remoteGlobalIDString = 6B22F4C723322AC10007BEEE;
			remoteInfo = DemoOne;
		};
		6B22F4EB23322AC30007BEEE /* PBXContainerItemProxy */ = {
			isa = PBXContainerItemProxy;
			containerPortal = 6B22F4C023322AC10007BEEE /* Project object */;
			proxyType = 1;
			remoteGlobalIDString = 6B22F4C723322AC10007BEEE;
			remoteInfo = DemoOne;
		};
/* End PBXContainerItemProxy section */

/* Begin PBXFileReference section */
		6B22F4C823322AC10007BEEE /* DemoOne.app */ = {isa = PBXFileReference; explicitFileType = wrapper.application; includeInIndex = 0; path = DemoOne.app; sourceTree = BUILT_PRODUCTS_DIR; };
		6B22F4CB23322AC10007BEEE /* AppDelegate.swift */ = {isa = PBXFileReference; lastKnownFileType = sourcecode.swift; path = AppDelegate.swift; sourceTree = "<group>"; };
		6B22F4CD23322AC10007BEEE /* ViewController.swift */ = {isa = PBXFileReference; lastKnownFileType = sourcecode.swift; path = ViewController.swift; sourceTree = "<group>"; };
		6B22F4D023322AC10007BEEE /* Base */ = {isa = PBXFileReference; lastKnownFileType = file.storyboard; name = Base; path = Base.lproj/Main.storyboard; sourceTree = "<group>"; };
		6B22F4D323322AC10007BEEE /* DemoOne.xcdatamodel */ = {isa = PBXFileReference; lastKnownFileType = wrapper.xcdatamodel; path = DemoOne.xcdatamodel; sourceTree = "<group>"; };
		6B22F4D523322AC30007BEEE /* Assets.xcassets */ = {isa = PBXFileReference; lastKnownFileType = folder.assetcatalog; path = Assets.xcassets; sourceTree = "<group>"; };
		6B22F4D823322AC30007BEEE /* Base */ = {isa = PBXFileReference; lastKnownFileType = file.storyboard; name = Base; path = Base.lproj/LaunchScreen.storyboard; sourceTree = "<group>"; };
		6B22F4DA23322AC30007BEEE /* Info.plist */ = {isa = PBXFileReference; lastKnownFileType = text.plist.xml; path = Info.plist; sourceTree = "<group>"; };
		6B22F4DF23322AC30007BEEE /* DemoOneTests.xctest */ = {isa = PBXFileReference; explicitFileType = wrapper.cfbundle; includeInIndex = 0; path = DemoOneTests.xctest; sourceTree = BUILT_PRODUCTS_DIR; };
		6B22F4E323322AC30007BEEE /* DemoOneTests.swift */ = {isa = PBXFileReference; lastKnownFileType = sourcecode.swift; path = DemoOneTests.swift; sourceTree = "<group>"; };
		6B22F4E523322AC30007BEEE /* Info.plist */ = {isa = PBXFileReference; lastKnownFileType = text.plist.xml; path = Info.plist; sourceTree = "<group>"; };
		6B22F4EA23322AC30007BEEE /* DemoOneUITests.xctest */ = {isa = PBXFileReference; explicitFileType = wrapper.cfbundle; includeInIndex = 0; path = DemoOneUITests.xctest; sourceTree = BUILT_PRODUCTS_DIR; };
		6B22F4EE23322AC30007BEEE /* DemoOneUITests.swift */ = {isa = PBXFileReference; lastKnownFileType = sourcecode.swift; path = DemoOneUITests.swift; sourceTree = "<group>"; };
		6B22F4F023322AC30007BEEE /* Info.plist */ = {isa = PBXFileReference; lastKnownFileType = text.plist.xml; path = Info.plist; sourceTree = "<group>"; };
/* End PBXFileReference section */

/* Begin PBXFrameworksBuildPhase section */
		6B22F4C523322AC10007BEEE /* Frameworks */ = {
			isa = PBXFrameworksBuildPhase;
			buildActionMask = 2147483647;
			files = (
			);
			runOnlyForDeploymentPostprocessing = 0;
		};
		6B22F4DC23322AC30007BEEE /* Frameworks */ = {
			isa = PBXFrameworksBuildPhase;
			buildActionMask = 2147483647;
			files = (
			);
			runOnlyForDeploymentPostprocessing = 0;
		};
		6B22F4E723322AC30007BEEE /* Frameworks */ = {
			isa = PBXFrameworksBuildPhase;
			buildActionMask = 2147483647;
			files = (
			);
			runOnlyForDeploymentPostprocessing = 0;
		};
/* End PBXFrameworksBuildPhase section */

/* Begin PBXGroup section */
		6B22F4BF23322AC10007BEEE = {
			isa = PBXGroup;
			children = (
				6B22F4CA23322AC10007BEEE /* DemoOne */,
				6B22F4E223322AC30007BEEE /* DemoOneTests */,
				6B22F4ED23322AC30007BEEE /* DemoOneUITests */,
				6B22F4C923322AC10007BEEE /* Products */,
			);
			sourceTree = "<group>";
		};
		6B22F4C923322AC10007BEEE /* Products */ = {
			isa = PBXGroup;
			children = (
				6B22F4C823322AC10007BEEE /* DemoOne.app */,
				6B22F4DF23322AC30007BEEE /* DemoOneTests.xctest */,
				6B22F4EA23322AC30007BEEE /* DemoOneUITests.xctest */,
			);
			name = Products;
			sourceTree = "<group>";
		};
		6B22F4CA23322AC10007BEEE /* DemoOne */ = {
			isa = PBXGroup;
			children = (
				6B22F4CB23322AC10007BEEE /* AppDelegate.swift */,
				6B22F4CD23322AC10007BEEE /* ViewController.swift */,
				6B22F4CF23322AC10007BEEE /* Main.storyboard */,
				6B22F4D523322AC30007BEEE /* Assets.xcassets */,
				6B22F4D723322AC30007BEEE /* LaunchScreen.storyboard */,
				6B22F4DA23322AC30007BEEE /* Info.plist */,
				6B22F4D223322AC10007BEEE /* DemoOne.xcdatamodeld */,
			);
			path = DemoOne;
			sourceTree = "<group>";
		};
		6B22F4E223322AC30007BEEE /* DemoOneTests */ = {
			isa = PBXGroup;
			children = (
				6B22F4E323322AC30007BEEE /* DemoOneTests.swift */,
				6B22F4E523322AC30007BEEE /* Info.plist */,
			);
			path = DemoOneTests;
			sourceTree = "<group>";
		};
		6B22F4ED23322AC30007BEEE /* DemoOneUITests */ = {
			isa = PBXGroup;
			children = (
				6B22F4EE23322AC30007BEEE /* DemoOneUITests.swift */,
				6B22F4F023322AC30007BEEE /* Info.plist */,
			);
			path = DemoOneUITests;
			sourceTree = "<group>";
		};
/* End PBXGroup section */

/* Begin PBXNativeTarget section */
		6B22F4C723322AC10007BEEE /* DemoOne */ = {
			isa = PBXNativeTarget;
			buildConfigurationList = 6B22F4F323322AC30007BEEE /* Build configuration list for PBXNativeTarget "DemoOne" */;
			buildPhases = (
				6B22F4C423322AC10007BEEE /* Sources */,
				6B22F4C523322AC10007BEEE /* Frameworks */,
				6B22F4C623322AC10007BEEE /* Resources */,
			);
			buildRules = (
			);
			dependencies = (
			);
			name = DemoOne;
			productName = DemoOne;
			productReference = 6B22F4C823322AC10007BEEE /* DemoOne.app */;
			productType = "com.apple.product-type.application";
		};
		6B22F4DE23322AC30007BEEE /* DemoOneTests */ = {
			isa = PBXNativeTarget;
			buildConfigurationList = 6B22F4F623322AC30007BEEE /* Build configuration list for PBXNativeTarget "DemoOneTests" */;
			buildPhases = (
				6B22F4DB23322AC30007BEEE /* Sources */,
				6B22F4DC23322AC30007BEEE /* Frameworks */,
				6B22F4DD23322AC30007BEEE /* Resources */,
			);
			buildRules = (
			);
			dependencies = (
				6B22F4E123322AC30007BEEE /* PBXTargetDependency */,
			);
			name = DemoOneTests;
			productName = DemoOneTests;
			productReference = 6B22F4DF23322AC30007BEEE /* DemoOneTests.xctest */;
			productType = "com.apple.product-type.bundle.unit-test";
		};
		6B22F4E923322AC30007BEEE /* DemoOneUITests */ = {
			isa = PBXNativeTarget;
			buildConfigurationList = 6B22F4F923322AC30007BEEE /* Build configuration list for PBXNativeTarget "DemoOneUITests" */;
			buildPhases = (
				6B22F4E623322AC30007BEEE /* Sources */,
				6B22F4E723322AC30007BEEE /* Frameworks */,
				6B22F4E823322AC30007BEEE /* Resources */,
			);
			buildRules = (
			);
			dependencies = (
				6B22F4EC23322AC30007BEEE /* PBXTargetDependency */,
			);
			name = DemoOneUITests;
			productName = DemoOneUITests;
			productReference = 6B22F4EA23322AC30007BEEE /* DemoOneUITests.xctest */;
			productType = "com.apple.product-type.bundle.ui-testing";
		};
/* End PBXNativeTarget section */

/* Begin PBXProject section */
		6B22F4C023322AC10007BEEE /* Project object */ = {
			isa = PBXProject;
			attributes = {
				LastSwiftUpdateCheck = 1010;
				LastUpgradeCheck = 1010;
				ORGANIZATIONNAME = Krishna;
				TargetAttributes = {
					6B22F4C723322AC10007BEEE = {
						CreatedOnToolsVersion = 10.1;
					};
					6B22F4DE23322AC30007BEEE = {
						CreatedOnToolsVersion = 10.1;
						TestTargetID = 6B22F4C723322AC10007BEEE;
					};
					6B22F4E923322AC30007BEEE = {
						CreatedOnToolsVersion = 10.1;
						TestTargetID = 6B22F4C723322AC10007BEEE;
					};
				};
			};
			buildConfigurationList = 6B22F4C323322AC10007BEEE /* Build configuration list for PBXProject "DemoOne" */;
			compatibilityVersion = "Xcode 9.3";
			developmentRegion = en;
			hasScannedForEncodings = 0;
			knownRegions = (
				en,
				Base,
			);
			mainGroup = 6B22F4BF23322AC10007BEEE;
			productRefGroup = 6B22F4C923322AC10007BEEE /* Products */;
			projectDirPath = "";
			projectRoot = "";
			targets = (
				6B22F4C723322AC10007BEEE /* DemoOne */,
				6B22F4DE23322AC30007BEEE /* DemoOneTests */,
				6B22F4E923322AC30007BEEE /* DemoOneUITests */,
			);
		};
/* End PBXProject section */

/* Begin PBXResourcesBuildPhase section */
		6B22F4C623322AC10007BEEE /* Resources */ = {
			isa = PBXResourcesBuildPhase;
			buildActionMask = 2147483647;
			files = (
				6B22F4D923322AC30007BEEE /* LaunchScreen.storyboard in Resources */,
				6B22F4D623322AC30007BEEE /* Assets.xcassets in Resources */,
				6B22F4D123322AC10007BEEE /* Main.storyboard in Resources */,
			);
			runOnlyForDeploymentPostprocessing = 0;
		};
		6B22F4DD23322AC30007BEEE /* Resources */ = {
			isa = PBXResourcesBuildPhase;
			buildActionMask = 2147483647;
			files = (
			);
			runOnlyForDeploymentPostprocessing = 0;
		};
		6B22F4E823322AC30007BEEE /* Resources */ = {
			isa = PBXResourcesBuildPhase;
			buildActionMask = 2147483647;
			files = (
			);
			runOnlyForDeploymentPostprocessing = 0;
		};
/* End PBXResourcesBuildPhase section */

/* Begin PBXSourcesBuildPhase section */
		6B22F4C423322AC10007BEEE /* Sources */ = {
			isa = PBXSourcesBuildPhase;
			buildActionMask = 2147483647;
			files = (
				6B22F4CE23322AC10007BEEE /* ViewController.swift in Sources */,
				6B22F4D423322AC10007BEEE /* DemoOne.xcdatamodeld in Sources */,
				6B22F4CC23322AC10007BEEE /* AppDelegate.swift in Sources */,
			);
			runOnlyForDeploymentPostprocessing = 0;
		};
		6B22F4DB23322AC30007BEEE /* Sources */ = {
			isa = PBXSourcesBuildPhase;
			buildActionMask = 2147483647;
			files = (
				6B22F4E423322AC30007BEEE /* DemoOneTests.swift in Sources */,
			);
			runOnlyForDeploymentPostprocessing = 0;
		};
		6B22F4E623322AC30007BEEE /* Sources */ = {
			isa = PBXSourcesBuildPhase;
			buildActionMask = 2147483647;
			files = (
				6B22F4EF23322AC30007BEEE /* DemoOneUITests.swift in Sources */,
			);
			runOnlyForDeploymentPostprocessing = 0;
		};
/* End PBXSourcesBuildPhase section */

/* Begin PBXTargetDependency section */
		6B22F4E123322AC30007BEEE /* PBXTargetDependency */ = {
			isa = PBXTargetDependency;
			target = 6B22F4C723322AC10007BEEE /* DemoOne */;
			targetProxy = 6B22F4E023322AC30007BEEE /* PBXContainerItemProxy */;
		};
		6B22F4EC23322AC30007BEEE /* PBXTargetDependency */ = {
			isa = PBXTargetDependency;
			target = 6B22F4C723322AC10007BEEE /* DemoOne */;
			targetProxy = 6B22F4EB23322AC30007BEEE /* PBXContainerItemProxy */;
		};
/* End PBXTargetDependency section */

/* Begin PBXVariantGroup section */
		6B22F4CF23322AC10007BEEE /* Main.storyboard */ = {
			isa = PBXVariantGroup;
			children = (
				6B22F4D023322AC10007BEEE /* Base */,
			);
			name = Main.storyboard;
			sourceTree = "<group>";
		};
		6B22F4D723322AC30007BEEE /* LaunchScreen.storyboard */ = {
			isa = PBXVariantGroup;
			children = (
				6B22F4D823322AC30007BEEE /* Base */,
			);
			name = LaunchScreen.storyboard;
			sourceTree = "<group>";
		};
/* End PBXVariantGroup section */

/* Begin XCBuildConfiguration section */
		6B22F4F123322AC30007BEEE /* Debug */ = {
			isa = XCBuildConfiguration;
			buildSettings = {
				ALWAYS_SEARCH_USER_PATHS = NO;
				CLANG_ANALYZER_NONNULL = YES;
				CLANG_ANALYZER_NUMBER_OBJECT_CONVERSION = YES_AGGRESSIVE;
				CLANG_CXX_LANGUAGE_STANDARD = "gnu++14";
				CLANG_CXX_LIBRARY = "libc++";
				CLANG_ENABLE_MODULES = YES;
				CLANG_ENABLE_OBJC_ARC = YES;
				CLANG_ENABLE_OBJC_WEAK = YES;
				CLANG_WARN_BLOCK_CAPTURE_AUTORELEASING = YES;
				CLANG_WARN_BOOL_CONVERSION = YES;
				CLANG_WARN_COMMA = YES;
				CLANG_WARN_CONSTANT_CONVERSION = YES;
				CLANG_WARN_DEPRECATED_OBJC_IMPLEMENTATIONS = YES;
				CLANG_WARN_DIRECT_OBJC_ISA_USAGE = YES_ERROR;
				CLANG_WARN_DOCUMENTATION_COMMENTS = YES;
				CLANG_WARN_EMPTY_BODY = YES;
				CLANG_WARN_ENUM_CONVERSION = YES;
				CLANG_WARN_INFINITE_RECURSION = YES;
				CLANG_WARN_INT_CONVERSION = YES;
				CLANG_WARN_NON_LITERAL_NULL_CONVERSION = YES;
				CLANG_WARN_OBJC_IMPLICIT_RETAIN_SELF = YES;
				CLANG_WARN_OBJC_LITERAL_CONVERSION = YES;
				CLANG_WARN_OBJC_ROOT_CLASS = YES_ERROR;
				CLANG_WARN_RANGE_LOOP_ANALYSIS = YES;
				CLANG_WARN_STRICT_PROTOTYPES = YES;
				CLANG_WARN_SUSPICIOUS_MOVE = YES;
				CLANG_WARN_UNGUARDED_AVAILABILITY = YES_AGGRESSIVE;
				CLANG_WARN_UNREACHABLE_CODE = YES;
				CLANG_WARN__DUPLICATE_METHOD_MATCH = YES;
				CODE_SIGN_IDENTITY = "iPhone Developer";
				COPY_PHASE_STRIP = NO;
				DEBUG_INFORMATION_FORMAT = dwarf;
				ENABLE_STRICT_OBJC_MSGSEND = YES;
				ENABLE_TESTABILITY = YES;
				GCC_C_LANGUAGE_STANDARD = gnu11;
				GCC_DYNAMIC_NO_PIC = NO;
				GCC_NO_COMMON_BLOCKS = YES;
				GCC_OPTIMIZATION_LEVEL = 0;
				GCC_PREPROCESSOR_DEFINITIONS = (
					"DEBUG=1",
					"$(inherited)",
				);
				GCC_WARN_64_TO_32_BIT_CONVERSION = YES;
				GCC_WARN_ABOUT_RETURN_TYPE = YES_ERROR;
				GCC_WARN_UNDECLARED_SELECTOR = YES;
				GCC_WARN_UNINITIALIZED_AUTOS = YES_AGGRESSIVE;
				GCC_WARN_UNUSED_FUNCTION = YES;
				GCC_WARN_UNUSED_VARIABLE = YES;
				IPHONEOS_DEPLOYMENT_TARGET = 12.1;
				MTL_ENABLE_DEBUG_INFO = INCLUDE_SOURCE;
				MTL_FAST_MATH = YES;
				ONLY_ACTIVE_ARCH = YES;
				SDKROOT = iphoneos;
				SWIFT_ACTIVE_COMPILATION_CONDITIONS = DEBUG;
				SWIFT_OPTIMIZATION_LEVEL = "-Onone";
			};
			name = Debug;
		};
		6B22F4F223322AC30007BEEE /* Release */ = {
			isa = XCBuildConfiguration;
			buildSettings = {
				ALWAYS_SEARCH_USER_PATHS = NO;
				CLANG_ANALYZER_NONNULL = YES;
				CLANG_ANALYZER_NUMBER_OBJECT_CONVERSION = YES_AGGRESSIVE;
				CLANG_CXX_LANGUAGE_STANDARD = "gnu++14";
				CLANG_CXX_LIBRARY = "libc++";
				CLANG_ENABLE_MODULES = YES;
				CLANG_ENABLE_OBJC_ARC = YES;
				CLANG_ENABLE_OBJC_WEAK = YES;
				CLANG_WARN_BLOCK_CAPTURE_AUTORELEASING = YES;
				CLANG_WARN_BOOL_CONVERSION = YES;
				CLANG_WARN_COMMA = YES;
				CLANG_WARN_CONSTANT_CONVERSION = YES;
				CLANG_WARN_DEPRECATED_OBJC_IMPLEMENTATIONS = YES;
				CLANG_WARN_DIRECT_OBJC_ISA_USAGE = YES_ERROR;
				CLANG_WARN_DOCUMENTATION_COMMENTS = YES;
				CLANG_WARN_EMPTY_BODY = YES;
				CLANG_WARN_ENUM_CONVERSION = YES;
				CLANG_WARN_INFINITE_RECURSION = YES;
				CLANG_WARN_INT_CONVERSION = YES;
				CLANG_WARN_NON_LITERAL_NULL_CONVERSION = YES;
				CLANG_WARN_OBJC_IMPLICIT_RETAIN_SELF = YES;
				CLANG_WARN_OBJC_LITERAL_CONVERSION = YES;
				CLANG_WARN_OBJC_ROOT_CLASS = YES_ERROR;
				CLANG_WARN_RANGE_LOOP_ANALYSIS = YES;
				CLANG_WARN_STRICT_PROTOTYPES = YES;
				CLANG_WARN_SUSPICIOUS_MOVE = YES;
				CLANG_WARN_UNGUARDED_AVAILABILITY = YES_AGGRESSIVE;
				CLANG_WARN_UNREACHABLE_CODE = YES;
				CLANG_WARN__DUPLICATE_METHOD_MATCH = YES;
				CODE_SIGN_IDENTITY = "iPhone Developer";
				COPY_PHASE_STRIP = NO;
				DEBUG_INFORMATION_FORMAT = "dwarf-with-dsym";
				ENABLE_NS_ASSERTIONS = NO;
				ENABLE_STRICT_OBJC_MSGSEND = YES;
				GCC_C_LANGUAGE_STANDARD = gnu11;
				GCC_NO_COMMON_BLOCKS = YES;
				GCC_WARN_64_TO_32_BIT_CONVERSION = YES;
				GCC_WARN_ABOUT_RETURN_TYPE = YES_ERROR;
				GCC_WARN_UNDECLARED_SELECTOR = YES;
				GCC_WARN_UNINITIALIZED_AUTOS = YES_AGGRESSIVE;
				GCC_WARN_UNUSED_FUNCTION = YES;
				GCC_WARN_UNUSED_VARIABLE = YES;
				IPHONEOS_DEPLOYMENT_TARGET = 12.1;
				MTL_ENABLE_DEBUG_INFO = NO;
				MTL_FAST_MATH = YES;
				SDKROOT = iphoneos;
				SWIFT_COMPILATION_MODE = wholemodule;
				SWIFT_OPTIMIZATION_LEVEL = "-O";
				VALIDATE_PRODUCT = YES;
			};
			name = Release;
		};
		6B22F4F423322AC30007BEEE /* Debug */ = {
			isa = XCBuildConfiguration;
			buildSettings = {
				ASSETCATALOG_COMPILER_APPICON_NAME = AppIcon;
				CODE_SIGN_STYLE = Automatic;
				INFOPLIST_FILE = DemoOne/Info.plist;
				LD_RUNPATH_SEARCH_PATHS = (
					"$(inherited)",
					"@executable_path/Frameworks",
				);
				PRODUCT_BUNDLE_IDENTIFIER = "tets-gmail.com.DemoOne";
				PRODUCT_NAME = "$(TARGET_NAME)";
				SWIFT_VERSION = 4.2;
				TARGETED_DEVICE_FAMILY = "1,2";
			};
			name = Debug;
		};
		6B22F4F523322AC30007BEEE /* Release */ = {
			isa = XCBuildConfiguration;
			buildSettings = {
				ASSETCATALOG_COMPILER_APPICON_NAME = AppIcon;
				CODE_SIGN_STYLE = Automatic;
				INFOPLIST_FILE = DemoOne/Info.plist;
				LD_RUNPATH_SEARCH_PATHS = (
					"$(inherited)",
					"@executable_path/Frameworks",
				);
				PRODUCT_BUNDLE_IDENTIFIER = "tets-gmail.com.DemoOne";
				PRODUCT_NAME = "$(TARGET_NAME)";
				SWIFT_VERSION = 4.2;
				TARGETED_DEVICE_FAMILY = "1,2";
			};
			name = Release;
		};
		6B22F4F723322AC30007BEEE /* Debug */ = {
			isa = XCBuildConfiguration;
			buildSettings = {
				ALWAYS_EMBED_SWIFT_STANDARD_LIBRARIES = YES;
				BUNDLE_LOADER = "$(TEST_HOST)";
				CODE_SIGN_STYLE = Automatic;
				INFOPLIST_FILE = DemoOneTests/Info.plist;
				LD_RUNPATH_SEARCH_PATHS = (
					"$(inherited)",
					"@executable_path/Frameworks",
					"@loader_path/Frameworks",
				);
				PRODUCT_BUNDLE_IDENTIFIER = "tets-gmail.com.DemoOneTests";
				PRODUCT_NAME = "$(TARGET_NAME)";
				SWIFT_VERSION = 4.2;
				TARGETED_DEVICE_FAMILY = "1,2";
				TEST_HOST = "$(BUILT_PRODUCTS_DIR)/DemoOne.app/DemoOne";
			};
			name = Debug;
		};
		6B22F4F823322AC30007BEEE /* Release */ = {
			isa = XCBuildConfiguration;
			buildSettings = {
				ALWAYS_EMBED_SWIFT_STANDARD_LIBRARIES = YES;
				BUNDLE_LOADER = "$(TEST_HOST)";
				CODE_SIGN_STYLE = Automatic;
				INFOPLIST_FILE = DemoOneTests/Info.plist;
				LD_RUNPATH_SEARCH_PATHS = (
					"$(inherited)",
					"@executable_path/Frameworks",
					"@loader_path/Frameworks",
				);
				PRODUCT_BUNDLE_IDENTIFIER = "tets-gmail.com.DemoOneTests";
				PRODUCT_NAME = "$(TARGET_NAME)";
				SWIFT_VERSION = 4.2;
				TARGETED_DEVICE_FAMILY = "1,2";
				TEST_HOST = "$(BUILT_PRODUCTS_DIR)/DemoOne.app/DemoOne";
			};
			name = Release;
		};
		6B22F4FA23322AC30007BEEE /* Debug */ = {
			isa = XCBuildConfiguration;
			buildSettings = {
				ALWAYS_EMBED_SWIFT_STANDARD_LIBRARIES = YES;
				CODE_SIGN_STYLE = Automatic;
				INFOPLIST_FILE = DemoOneUITests/Info.plist;
				LD_RUNPATH_SEARCH_PATHS = (
					"$(inherited)",
					"@executable_path/Frameworks",
					"@loader_path/Frameworks",
				);
				PRODUCT_BUNDLE_IDENTIFIER = "tets-gmail.com.DemoOneUITests";
				PRODUCT_NAME = "$(TARGET_NAME)";
				SWIFT_VERSION = 4.2;
				TARGETED_DEVICE_FAMILY = "1,2";
				TEST_TARGET_NAME = DemoOne;
			};
			name = Debug;
		};
		6B22F4FB23322AC30007BEEE /* Release */ = {
			isa = XCBuildConfiguration;
			buildSettings = {
				ALWAYS_EMBED_SWIFT_STANDARD_LIBRARIES = YES;
				CODE_SIGN_STYLE = Automatic;
				INFOPLIST_FILE = DemoOneUITests/Info.plist;
				LD_RUNPATH_SEARCH_PATHS = (
					"$(inherited)",
					"@executable_path/Frameworks",
					"@loader_path/Frameworks",
				);
				PRODUCT_BUNDLE_IDENTIFIER = "tets-gmail.com.DemoOneUITests";
				PRODUCT_NAME = "$(TARGET_NAME)";
				SWIFT_VERSION = 4.2;
				TARGETED_DEVICE_FAMILY = "1,2";
				TEST_TARGET_NAME = DemoOne;
			};
			name = Release;
		};
/* End XCBuildConfiguration section */

/* Begin XCConfigurationList section */
		6B22F4C323322AC10007BEEE /* Build configuration list for PBXProject "DemoOne" */ = {
			isa = XCConfigurationList;
			buildConfigurations = (
				6B22F4F123322AC30007BEEE /* Debug */,
				6B22F4F223322AC30007BEEE /* Release */,
			);
			defaultConfigurationIsVisible = 0;
			defaultConfigurationName = Release;
		};
		6B22F4F323322AC30007BEEE /* Build configuration list for PBXNativeTarget "DemoOne" */ = {
			isa = XCConfigurationList;
			buildConfigurations = (
				6B22F4F423322AC30007BEEE /* Debug */,
				6B22F4F523322AC30007BEEE /* Release */,
			);
			defaultConfigurationIsVisible = 0;
			defaultConfigurationName = Release;
		};
		6B22F4F623322AC30007BEEE /* Build configuration list for PBXNativeTarget "DemoOneTests" */ = {
			isa = XCConfigurationList;
			buildConfigurations = (
				6B22F4F723322AC30007BEEE /* Debug */,
				6B22F4F823322AC30007BEEE /* Release */,
			);
			defaultConfigurationIsVisible = 0;
			defaultConfigurationName = Release;
		};
		6B22F4F923322AC30007BEEE /* Build configuration list for PBXNativeTarget "DemoOneUITests" */ = {
			isa = XCConfigurationList;
			buildConfigurations = (
				6B22F4FA23322AC30007BEEE /* Debug */,
				6B22F4FB23322AC30007BEEE /* Release */,
			);
			defaultConfigurationIsVisible = 0;
			defaultConfigurationName = Release;
		};
/* End XCConfigurationList section */

/* Begin XCVersionGroup section */
		6B22F4D223322AC10007BEEE /* DemoOne.xcdatamodeld */ = {
			isa = XCVersionGroup;
			children = (
				6B22F4D323322AC10007BEEE /* DemoOne.xcdatamodel */,
			);
			currentVersion = 6B22F4D323322AC10007BEEE /* DemoOne.xcdatamodel */;
			path = DemoOne.xcdatamodeld;
			sourceTree = "<group>";
			versionGroupType = wrapper.xcdatamodel;
		};
/* End XCVersionGroup section */
	};
	rootObject = 6B22F4C023322AC10007BEEE /* Project object */;
}
